{
  "name": "kk",
  "version": "1.0.0",
  "lockfileVersion": 1,
  "requires": true,
  "dependencies": {
    "colormap": {
      "version": "2.3.2",
      "resolved": "https://registry.npmjs.org/colormap/-/colormap-2.3.2.tgz",
      "integrity": "sha512-jDOjaoEEmA9AgA11B/jCSAvYE95r3wRoAyTf3LEHGiUVlNHJaL1mRkf5AyLSpQBVGfTEPwGEqCIzL+kgr2WgNA==",
      "requires": {
        "lerp": "^1.0.3"
      }
    },
    "lerp": {
      "version": "1.0.3",
      "resolved": "https://registry.npmjs.org/lerp/-/lerp-1.0.3.tgz",
      "integrity": "sha1-oYyJaPkXiW3hXM/MKNVaa3Med24="
    }
  }
}
